
Microsoft Visual Studio Solution File, Format Version 12.00
# Visual Studio Version 16
VisualStudioVersion = 16.0.31424.327
MinimumVisualStudioVersion = 10.0.40219.1
Project("{FAE04EC0-301F-11D3-BF4B-00C04F79EFBC}") = "Dependency Injection POC", "Dependency Injection POC\Dependency Injection POC.csproj", "{349FCE2A-8EDB-4C31-9751-2B32448300FB}"
EndProject
Global
	GlobalSection(SolutionConfigurationPlatforms) = preSolution
		Debug|Any CPU = Debug|Any CPU
		Release|Any CPU = Release|Any CPU
	EndGlobalSection
	GlobalSection(ProjectConfigurationPlatforms) = postSolution
		{349FCE2A-8EDB-4C31-9751-2B32448300FB}.Debug|Any CPU.ActiveCfg = Debug|Any CPU
		{349FCE2A-8EDB-4C31-9751-2B32448300FB}.Debug|Any CPU.Build.0 = Debug|Any CPU
		{349FCE2A-8EDB-4C31-9751-2B32448300FB}.Release|Any CPU.ActiveCfg = Release|Any CPU
		{349FCE2A-8EDB-4C31-9751-2B32448300FB}.Release|Any CPU.Build.0 = Release|Any CPU
	EndGlobalSection
	GlobalSection(SolutionProperties) = preSolution
		HideSolutionNode = FALSE
	EndGlobalSection
	GlobalSection(ExtensibilityGlobals) = postSolution
		SolutionGuid = {8BFCBB52-4DB4-4EEF-96E9-AE0BAE92B311}
	EndGlobalSection
EndGlobal
